
Microsoft Visual Studio Solution File, Format Version 12.00
# Visual Studio Version 17
VisualStudioVersion = 17.7.34202.233
MinimumVisualStudioVersion = 10.0.40219.1
Project("{9A19103F-16F7-4668-BE54-9A1E7A4F7556}") = "TTADotNetCore.ConsoleApp", "TTADotNetCore.ConsoleApp\TTADotNetCore.ConsoleApp.csproj", "{C9DB0F35-872F-4341-BA9C-FEC59F680A30}"
EndProject
Project("{2150E333-8FDC-42A3-9474-1A3956D46DE8}") = "Document", "Document", "{58CC289C-60CC-4D65-8032-10923A4F7566}"
	ProjectSection(SolutionItems) = preProject
		README.md = README.md
		TTADotNetCore.sql = TTADotNetCore.sql
	EndProjectSection
EndProject
Project("{9A19103F-16F7-4668-BE54-9A1E7A4F7556}") = "TTADotNetCore.RestApi", "TTADotNetCore.RestApi\TTADotNetCore.RestApi.csproj", "{3B31EAAF-0631-492A-9500-B9E25D655D72}"
EndProject
Project("{9A19103F-16F7-4668-BE54-9A1E7A4F7556}") = "TTADotNetCore.Shared", "TTADotNetCore.Shared\TTADotNetCore.Shared.csproj", "{4CA21497-B57A-496C-A2E4-C7169295F970}"
EndProject
Project("{9A19103F-16F7-4668-BE54-9A1E7A4F7556}") = "TTADotNetCore.RestApiWithNLayer", "TTADotNetCore.RestApiWithNLayer\TTADotNetCore.RestApiWithNLayer.csproj", "{0FD3FDDE-2D80-4A74-B21A-8F4E8CDB1DFB}"
EndProject
Project("{9A19103F-16F7-4668-BE54-9A1E7A4F7556}") = "TTADotNetCore.ConsoleAppHttpClient", "TTADotNetCore.ConsoleAppHttpClient\TTADotNetCore.ConsoleAppHttpClient.csproj", "{13E9D477-0C8B-4C5B-B9E7-0A9B67CEF29C}"
EndProject
Project("{9A19103F-16F7-4668-BE54-9A1E7A4F7556}") = "TTADotNetCore.ConsoleAppHttpClientExamples", "TTADotNetCore.ConsoleAppHttpClientExamples\TTADotNetCore.ConsoleAppHttpClientExamples.csproj", "{247E54E7-411A-4F9D-A241-6CD377E75DFD}"
EndProject
Project("{9A19103F-16F7-4668-BE54-9A1E7A4F7556}") = "TTADotNetCore.ConsoleAppRestClientExamples", "TTADotNetCore.RestClientExamples\TTADotNetCore.ConsoleAppRestClientExamples.csproj", "{359053A0-6C07-4040-8DA4-7B1DEBCB2E62}"
EndProject
Project("{FAE04EC0-301F-11D3-BF4B-00C04F79EFBC}") = "TTADotNetCore.PizzaApi", "TTADotNetCore.PizzaApi\TTADotNetCore.PizzaApi.csproj", "{74D8A10D-0A70-47C9-BD29-6A9CF8A390B3}"
EndProject
Global
	GlobalSection(SolutionConfigurationPlatforms) = preSolution
		Debug|Any CPU = Debug|Any CPU
		Release|Any CPU = Release|Any CPU
	EndGlobalSection
	GlobalSection(ProjectConfigurationPlatforms) = postSolution
		{C9DB0F35-872F-4341-BA9C-FEC59F680A30}.Debug|Any CPU.ActiveCfg = Debug|Any CPU
		{C9DB0F35-872F-4341-BA9C-FEC59F680A30}.Debug|Any CPU.Build.0 = Debug|Any CPU
		{C9DB0F35-872F-4341-BA9C-FEC59F680A30}.Release|Any CPU.ActiveCfg = Release|Any CPU
		{C9DB0F35-872F-4341-BA9C-FEC59F680A30}.Release|Any CPU.Build.0 = Release|Any CPU
		{3B31EAAF-0631-492A-9500-B9E25D655D72}.Debug|Any CPU.ActiveCfg = Debug|Any CPU
		{3B31EAAF-0631-492A-9500-B9E25D655D72}.Debug|Any CPU.Build.0 = Debug|Any CPU
		{3B31EAAF-0631-492A-9500-B9E25D655D72}.Release|Any CPU.ActiveCfg = Release|Any CPU
		{3B31EAAF-0631-492A-9500-B9E25D655D72}.Release|Any CPU.Build.0 = Release|Any CPU
		{4CA21497-B57A-496C-A2E4-C7169295F970}.Debug|Any CPU.ActiveCfg = Debug|Any CPU
		{4CA21497-B57A-496C-A2E4-C7169295F970}.Debug|Any CPU.Build.0 = Debug|Any CPU
		{4CA21497-B57A-496C-A2E4-C7169295F970}.Release|Any CPU.ActiveCfg = Release|Any CPU
		{4CA21497-B57A-496C-A2E4-C7169295F970}.Release|Any CPU.Build.0 = Release|Any CPU
		{0FD3FDDE-2D80-4A74-B21A-8F4E8CDB1DFB}.Debug|Any CPU.ActiveCfg = Debug|Any CPU
		{0FD3FDDE-2D80-4A74-B21A-8F4E8CDB1DFB}.Debug|Any CPU.Build.0 = Debug|Any CPU
		{0FD3FDDE-2D80-4A74-B21A-8F4E8CDB1DFB}.Release|Any CPU.ActiveCfg = Release|Any CPU
		{0FD3FDDE-2D80-4A74-B21A-8F4E8CDB1DFB}.Release|Any CPU.Build.0 = Release|Any CPU
		{13E9D477-0C8B-4C5B-B9E7-0A9B67CEF29C}.Debug|Any CPU.ActiveCfg = Debug|Any CPU
		{13E9D477-0C8B-4C5B-B9E7-0A9B67CEF29C}.Debug|Any CPU.Build.0 = Debug|Any CPU
		{13E9D477-0C8B-4C5B-B9E7-0A9B67CEF29C}.Release|Any CPU.ActiveCfg = Release|Any CPU
		{13E9D477-0C8B-4C5B-B9E7-0A9B67CEF29C}.Release|Any CPU.Build.0 = Release|Any CPU
		{247E54E7-411A-4F9D-A241-6CD377E75DFD}.Debug|Any CPU.ActiveCfg = Debug|Any CPU
		{247E54E7-411A-4F9D-A241-6CD377E75DFD}.Debug|Any CPU.Build.0 = Debug|Any CPU
		{247E54E7-411A-4F9D-A241-6CD377E75DFD}.Release|Any CPU.ActiveCfg = Release|Any CPU
		{247E54E7-411A-4F9D-A241-6CD377E75DFD}.Release|Any CPU.Build.0 = Release|Any CPU
		{359053A0-6C07-4040-8DA4-7B1DEBCB2E62}.Debug|Any CPU.ActiveCfg = Debug|Any CPU
		{359053A0-6C07-4040-8DA4-7B1DEBCB2E62}.Debug|Any CPU.Build.0 = Debug|Any CPU
		{359053A0-6C07-4040-8DA4-7B1DEBCB2E62}.Release|Any CPU.ActiveCfg = Release|Any CPU
		{359053A0-6C07-4040-8DA4-7B1DEBCB2E62}.Release|Any CPU.Build.0 = Release|Any CPU
		{74D8A10D-0A70-47C9-BD29-6A9CF8A390B3}.Debug|Any CPU.ActiveCfg = Debug|Any CPU
		{74D8A10D-0A70-47C9-BD29-6A9CF8A390B3}.Debug|Any CPU.Build.0 = Debug|Any CPU
		{74D8A10D-0A70-47C9-BD29-6A9CF8A390B3}.Release|Any CPU.ActiveCfg = Release|Any CPU
		{74D8A10D-0A70-47C9-BD29-6A9CF8A390B3}.Release|Any CPU.Build.0 = Release|Any CPU
	EndGlobalSection
	GlobalSection(SolutionProperties) = preSolution
		HideSolutionNode = FALSE
	EndGlobalSection
	GlobalSection(ExtensibilityGlobals) = postSolution
		SolutionGuid = {C19149D3-1D41-4451-A0D5-63D9ABD0E517}
	EndGlobalSection
EndGlobal
